
Microsoft Visual Studio Solution File, Format Version 12.00
# Visual Studio Version 16
VisualStudioVersion = 16.0.30804.86
MinimumVisualStudioVersion = 10.0.40219.1
Project("{FAE04EC0-301F-11D3-BF4B-00C04F79EFBC}") = "Vidly", "Vidly.csproj", "{3B7237CB-E40C-4779-8CC5-5C59C048B59D}"
EndProject
Global
	GlobalSection(SolutionConfigurationPlatforms) = preSolution
		Debug|Any CPU = Debug|Any CPU
		Release|Any CPU = Release|Any CPU
	EndGlobalSection
	GlobalSection(ProjectConfigurationPlatforms) = postSolution
		{3B7237CB-E40C-4779-8CC5-5C59C048B59D}.Debug|Any CPU.ActiveCfg = Debug|Any CPU
		{3B7237CB-E40C-4779-8CC5-5C59C048B59D}.Debug|Any CPU.Build.0 = Debug|Any CPU
		{3B7237CB-E40C-4779-8CC5-5C59C048B59D}.Release|Any CPU.ActiveCfg = Release|Any CPU
		{3B7237CB-E40C-4779-8CC5-5C59C048B59D}.Release|Any CPU.Build.0 = Release|Any CPU
	EndGlobalSection
	GlobalSection(SolutionProperties) = preSolution
		HideSolutionNode = FALSE
	EndGlobalSection
	GlobalSection(ExtensibilityGlobals) = postSolution
		SolutionGuid = {386A5B44-46D6-408D-9BB6-04B8148126C2}
	EndGlobalSection
EndGlobal
